{
  "name": "JavaScriptGym",
  "lockfileVersion": 2,
  "requires": true,
  "packages": {
    "": {
      "dependencies": {
        "@nastyox/rando.js": "^2.0.5",
        "requirejs": "^2.3.6"
      }
    },
    "node_modules/@nastyox/rando.js": {
      "version": "2.0.5",
      "resolved": "https://registry.npmjs.org/@nastyox/rando.js/-/rando.js-2.0.5.tgz",
      "integrity": "sha512-a7s3h4vnpCVEYT+W+mBc4ykmwtO29DnFQQR/X6YSbJ+YenAvpYBRCeUgEoPEWGlUS1Hbw1IWIsiIFVXw0g2QLw=="
    },
    "node_modules/requirejs": {
      "version": "2.3.6",
      "resolved": "https://registry.npmjs.org/requirejs/-/requirejs-2.3.6.tgz",
      "integrity": "sha512-ipEzlWQe6RK3jkzikgCupiTbTvm4S0/CAU5GlgptkN5SO6F3u0UD0K18wy6ErDqiCyP4J4YYe1HuAShvsxePLg==",
      "bin": {
        "r_js": "bin/r.js",
        "r.js": "bin/r.js"
      },
      "engines": {
        "node": ">=0.4.0"
      }
    }
  },
  "dependencies": {
    "@nastyox/rando.js": {
      "version": "2.0.5",
      "resolved": "https://registry.npmjs.org/@nastyox/rando.js/-/rando.js-2.0.5.tgz",
      "integrity": "sha512-a7s3h4vnpCVEYT+W+mBc4ykmwtO29DnFQQR/X6YSbJ+YenAvpYBRCeUgEoPEWGlUS1Hbw1IWIsiIFVXw0g2QLw=="
    },
    "requirejs": {
      "version": "2.3.6",
      "resolved": "https://registry.npmjs.org/requirejs/-/requirejs-2.3.6.tgz",
      "integrity": "sha512-ipEzlWQe6RK3jkzikgCupiTbTvm4S0/CAU5GlgptkN5SO6F3u0UD0K18wy6ErDqiCyP4J4YYe1HuAShvsxePLg=="
    }
  }
}
